# THIS IS AN AUTOGENERATED FILE. DO NOT EDIT THIS FILE DIRECTLY.
# yarn lockfile v1


"shevchenko@^2.0.7":
  "integrity" "sha512-2GVLw+E133Q2IDMlhw6SjcikpDykJ8CuQ9LeKUsAmMeDqlnixW+z1rB319sXuN/5LJMKyAEs1l6njZ2lkPGhiQ=="
  "resolved" "https://registry.npmjs.org/shevchenko/-/shevchenko-2.0.7.tgz"
  "version" "2.0.7"
  dependencies:
    "synaptic" "^1.1.4"

"synaptic@^1.1.4":
  "integrity" "sha512-JFtU98VDFI0uBTowgySo+UUEkc7rSVHaxx9D6dR5BK6u81G7uAxcp32Gi2SHciLpFbvJVd1Pfz7aqSNQO4EH9Q=="
  "resolved" "https://registry.npmjs.org/synaptic/-/synaptic-1.1.4.tgz"
  "version" "1.1.4"
