# THIS IS AN AUTOGENERATED FILE. DO NOT EDIT THIS FILE DIRECTLY.
# yarn lockfile v1


shevchenko@^2.0.7:
  version "2.0.7"
  resolved "https://registry.yarnpkg.com/shevchenko/-/shevchenko-2.0.7.tgz#1b1525a34b3cf0c7ade1cb55c89445ee615c0753"
  integrity sha512-2GVLw+E133Q2IDMlhw6SjcikpDykJ8CuQ9LeKUsAmMeDqlnixW+z1rB319sXuN/5LJMKyAEs1l6njZ2lkPGhiQ==
  dependencies:
    synaptic "^1.1.4"

synaptic@^1.1.4:
  version "1.1.4"
  resolved "https://registry.yarnpkg.com/synaptic/-/synaptic-1.1.4.tgz#b058163e2e86a3f86fc964ab792496c0642c13d7"
  integrity sha512-JFtU98VDFI0uBTowgySo+UUEkc7rSVHaxx9D6dR5BK6u81G7uAxcp32Gi2SHciLpFbvJVd1Pfz7aqSNQO4EH9Q==
